
Microsoft Visual Studio Solution File, Format Version 12.00
# Visual Studio Version 17
VisualStudioVersion = 17.11.35222.181
MinimumVisualStudioVersion = 10.0.40219.1
Project("{FAE04EC0-301F-11D3-BF4B-00C04F79EFBC}") = "TuotekuvastoApp", "TuotekuvastoApp\TuotekuvastoApp.csproj", "{192E89CF-39B9-47B7-9CE6-94351BD240A9}"
EndProject
Global
	GlobalSection(SolutionConfigurationPlatforms) = preSolution
		Debug|Any CPU = Debug|Any CPU
		Release|Any CPU = Release|Any CPU
	EndGlobalSection
	GlobalSection(ProjectConfigurationPlatforms) = postSolution
		{192E89CF-39B9-47B7-9CE6-94351BD240A9}.Debug|Any CPU.ActiveCfg = Debug|Any CPU
		{192E89CF-39B9-47B7-9CE6-94351BD240A9}.Debug|Any CPU.Build.0 = Debug|Any CPU
		{192E89CF-39B9-47B7-9CE6-94351BD240A9}.Release|Any CPU.ActiveCfg = Release|Any CPU
		{192E89CF-39B9-47B7-9CE6-94351BD240A9}.Release|Any CPU.Build.0 = Release|Any CPU
	EndGlobalSection
	GlobalSection(SolutionProperties) = preSolution
		HideSolutionNode = FALSE
	EndGlobalSection
	GlobalSection(ExtensibilityGlobals) = postSolution
		SolutionGuid = {5B32686E-D871-440B-A954-10FCE79D106E}
	EndGlobalSection
EndGlobal
